
Microsoft Visual Studio Solution File, Format Version 12.00
# Visual Studio Version 17
VisualStudioVersion = 17.6.33829.357
MinimumVisualStudioVersion = 10.0.40219.1
Project("{2150E333-8FDC-42A3-9474-1A3956D46DE8}") = "Services", "Services", "{A1D486CB-3110-4F6F-8CFB-D1D8FCFF7F2A}"
EndProject
Project("{2150E333-8FDC-42A3-9474-1A3956D46DE8}") = "Catalog", "Catalog", "{6201D55E-F76F-4014-B3B4-076D8BEA5FF0}"
EndProject
Project("{FAE04EC0-301F-11D3-BF4B-00C04F79EFBC}") = "Catalog.API", "Services\Catalog\Catalog.API\Catalog.API.csproj", "{6DBBF730-2CF0-435B-BBAE-3428E441716E}"
EndProject
Global
	GlobalSection(SolutionConfigurationPlatforms) = preSolution
		Debug|Any CPU = Debug|Any CPU
		Release|Any CPU = Release|Any CPU
	EndGlobalSection
	GlobalSection(ProjectConfigurationPlatforms) = postSolution
		{6DBBF730-2CF0-435B-BBAE-3428E441716E}.Debug|Any CPU.ActiveCfg = Debug|Any CPU
		{6DBBF730-2CF0-435B-BBAE-3428E441716E}.Debug|Any CPU.Build.0 = Debug|Any CPU
		{6DBBF730-2CF0-435B-BBAE-3428E441716E}.Release|Any CPU.ActiveCfg = Release|Any CPU
		{6DBBF730-2CF0-435B-BBAE-3428E441716E}.Release|Any CPU.Build.0 = Release|Any CPU
	EndGlobalSection
	GlobalSection(SolutionProperties) = preSolution
		HideSolutionNode = FALSE
	EndGlobalSection
	GlobalSection(NestedProjects) = preSolution
		{6201D55E-F76F-4014-B3B4-076D8BEA5FF0} = {A1D486CB-3110-4F6F-8CFB-D1D8FCFF7F2A}
		{6DBBF730-2CF0-435B-BBAE-3428E441716E} = {6201D55E-F76F-4014-B3B4-076D8BEA5FF0}
	EndGlobalSection
	GlobalSection(ExtensibilityGlobals) = postSolution
		SolutionGuid = {FA43CFAB-83E2-41DE-940D-CDC22BC4FBCA}
	EndGlobalSection
EndGlobal
